
Microsoft Visual Studio Solution File, Format Version 12.00
# Visual Studio Version 17
VisualStudioVersion = 17.11.35312.102
MinimumVisualStudioVersion = 10.0.40219.1
Project("{8BC9CEB8-8B4A-11D0-8D11-00A0C91BC942}") = "GALAXYADVENTURE", "GALAXYADVENTURE\GALAXYADVENTURE.vcxproj", "{56F1A667-3FBD-42DC-AE6C-DA65E3005589}"
EndProject
Global
	GlobalSection(SolutionConfigurationPlatforms) = preSolution
		Debug|x64 = Debug|x64
		Debug|x86 = Debug|x86
		Release|x64 = Release|x64
		Release|x86 = Release|x86
	EndGlobalSection
	GlobalSection(ProjectConfigurationPlatforms) = postSolution
		{56F1A667-3FBD-42DC-AE6C-DA65E3005589}.Debug|x64.ActiveCfg = Debug|x64
		{56F1A667-3FBD-42DC-AE6C-DA65E3005589}.Debug|x64.Build.0 = Debug|x64
		{56F1A667-3FBD-42DC-AE6C-DA65E3005589}.Debug|x86.ActiveCfg = Debug|Win32
		{56F1A667-3FBD-42DC-AE6C-DA65E3005589}.Debug|x86.Build.0 = Debug|Win32
		{56F1A667-3FBD-42DC-AE6C-DA65E3005589}.Release|x64.ActiveCfg = Release|x64
		{56F1A667-3FBD-42DC-AE6C-DA65E3005589}.Release|x64.Build.0 = Release|x64
		{56F1A667-3FBD-42DC-AE6C-DA65E3005589}.Release|x86.ActiveCfg = Release|Win32
		{56F1A667-3FBD-42DC-AE6C-DA65E3005589}.Release|x86.Build.0 = Release|Win32
	EndGlobalSection
	GlobalSection(SolutionProperties) = preSolution
		HideSolutionNode = FALSE
	EndGlobalSection
	GlobalSection(ExtensibilityGlobals) = postSolution
		SolutionGuid = {E50242FE-E92A-4332-B560-E2AC1544B85F}
	EndGlobalSection
EndGlobal
